// !$*UTF8*$!
{
	archiveVersion = 1;
	classes = {
	};
	objectVersion = 50;
	objects = {

/* Begin PBXBuildFile section */
		3783EF6D26BDD02200F73F6D /* RenderingView.swift in Sources */ = {isa = PBXBuildFile; fileRef = 3783EF6C26BDD02200F73F6D /* RenderingView.swift */; };
		3783EF6E26BDD02200F73F6D /* RenderingView.swift in Sources */ = {isa = PBXBuildFile; fileRef = 3783EF6C26BDD02200F73F6D /* RenderingView.swift */; };
		3783EF7026BDD0E200F73F6D /* ImagePackRenderer.swift in Sources */ = {isa = PBXBuildFile; fileRef = 3783EF6F26BDD0E100F73F6D /* ImagePackRenderer.swift */; };
		3783EF7126BDD0E200F73F6D /* ImagePackRenderer.swift in Sources */ = {isa = PBXBuildFile; fileRef = 3783EF6F26BDD0E100F73F6D /* ImagePackRenderer.swift */; };
		37AFDA7626BC57C200911DB6 /* GenartPlaygroundApp.swift in Sources */ = {isa = PBXBuildFile; fileRef = 37AFDA6326BC57BF00911DB6 /* GenartPlaygroundApp.swift */; };
		37AFDA7726BC57C200911DB6 /* GenartPlaygroundApp.swift in Sources */ = {isa = PBXBuildFile; fileRef = 37AFDA6326BC57BF00911DB6 /* GenartPlaygroundApp.swift */; };
		37AFDA7826BC57C200911DB6 /* ContentView.swift in Sources */ = {isa = PBXBuildFile; fileRef = 37AFDA6426BC57BF00911DB6 /* ContentView.swift */; };
		37AFDA7926BC57C200911DB6 /* ContentView.swift in Sources */ = {isa = PBXBuildFile; fileRef = 37AFDA6426BC57BF00911DB6 /* ContentView.swift */; };
		37AFDA7A26BC57C200911DB6 /* Assets.xcassets in Resources */ = {isa = PBXBuildFile; fileRef = 37AFDA6526BC57C200911DB6 /* Assets.xcassets */; };
		37AFDA7B26BC57C200911DB6 /* Assets.xcassets in Resources */ = {isa = PBXBuildFile; fileRef = 37AFDA6526BC57C200911DB6 /* Assets.xcassets */; };
/* End PBXBuildFile section */

/* Begin PBXFileReference section */
		3783EF6C26BDD02200F73F6D /* RenderingView.swift */ = {isa = PBXFileReference; lastKnownFileType = sourcecode.swift; path = RenderingView.swift; sourceTree = "<group>"; };
		3783EF6F26BDD0E100F73F6D /* ImagePackRenderer.swift */ = {isa = PBXFileReference; lastKnownFileType = sourcecode.swift; path = ImagePackRenderer.swift; sourceTree = "<group>"; };
		37AFDA6326BC57BF00911DB6 /* GenartPlaygroundApp.swift */ = {isa = PBXFileReference; lastKnownFileType = sourcecode.swift; path = GenartPlaygroundApp.swift; sourceTree = "<group>"; };
		37AFDA6426BC57BF00911DB6 /* ContentView.swift */ = {isa = PBXFileReference; lastKnownFileType = sourcecode.swift; path = ContentView.swift; sourceTree = "<group>"; };
		37AFDA6526BC57C200911DB6 /* Assets.xcassets */ = {isa = PBXFileReference; lastKnownFileType = folder.assetcatalog; path = Assets.xcassets; sourceTree = "<group>"; };
		37AFDA6A26BC57C200911DB6 /* GenartPlayground.app */ = {isa = PBXFileReference; explicitFileType = wrapper.application; includeInIndex = 0; path = GenartPlayground.app; sourceTree = BUILT_PRODUCTS_DIR; };
		37AFDA6D26BC57C200911DB6 /* Info.plist */ = {isa = PBXFileReference; lastKnownFileType = text.plist.xml; path = Info.plist; sourceTree = "<group>"; };
		37AFDA7226BC57C200911DB6 /* GenartPlayground.app */ = {isa = PBXFileReference; explicitFileType = wrapper.application; includeInIndex = 0; path = GenartPlayground.app; sourceTree = BUILT_PRODUCTS_DIR; };
		37AFDA7426BC57C200911DB6 /* Info.plist */ = {isa = PBXFileReference; lastKnownFileType = text.plist.xml; path = Info.plist; sourceTree = "<group>"; };
		37AFDA7526BC57C200911DB6 /* macOS.entitlements */ = {isa = PBXFileReference; lastKnownFileType = text.plist.entitlements; path = macOS.entitlements; sourceTree = "<group>"; };
/* End PBXFileReference section */

/* Begin PBXFrameworksBuildPhase section */
		37AFDA6726BC57C200911DB6 /* Frameworks */ = {
			isa = PBXFrameworksBuildPhase;
			buildActionMask = 2147483647;
			files = (
			);
			runOnlyForDeploymentPostprocessing = 0;
		};
		37AFDA6F26BC57C200911DB6 /* Frameworks */ = {
			isa = PBXFrameworksBuildPhase;
			buildActionMask = 2147483647;
			files = (
			);
			runOnlyForDeploymentPostprocessing = 0;
		};
/* End PBXFrameworksBuildPhase section */

/* Begin PBXGroup section */
		37AFDA5D26BC57BE00911DB6 = {
			isa = PBXGroup;
			children = (
				37AFDA6226BC57BF00911DB6 /* Shared */,
				37AFDA6C26BC57C200911DB6 /* iOS */,
				37AFDA7326BC57C200911DB6 /* macOS */,
				37AFDA6B26BC57C200911DB6 /* Products */,
			);
			sourceTree = "<group>";
		};
		37AFDA6226BC57BF00911DB6 /* Shared */ = {
			isa = PBXGroup;
			children = (
				37AFDA6326BC57BF00911DB6 /* GenartPlaygroundApp.swift */,
				37AFDA6426BC57BF00911DB6 /* ContentView.swift */,
				37AFDA6526BC57C200911DB6 /* Assets.xcassets */,
				3783EF6C26BDD02200F73F6D /* RenderingView.swift */,
				3783EF6F26BDD0E100F73F6D /* ImagePackRenderer.swift */,
			);
			path = Shared;
			sourceTree = "<group>";
		};
		37AFDA6B26BC57C200911DB6 /* Products */ = {
			isa = PBXGroup;
			children = (
				37AFDA6A26BC57C200911DB6 /* GenartPlayground.app */,
				37AFDA7226BC57C200911DB6 /* GenartPlayground.app */,
			);
			name = Products;
			sourceTree = "<group>";
		};
		37AFDA6C26BC57C200911DB6 /* iOS */ = {
			isa = PBXGroup;
			children = (
				37AFDA6D26BC57C200911DB6 /* Info.plist */,
			);
			path = iOS;
			sourceTree = "<group>";
		};
		37AFDA7326BC57C200911DB6 /* macOS */ = {
			isa = PBXGroup;
			children = (
				37AFDA7426BC57C200911DB6 /* Info.plist */,
				37AFDA7526BC57C200911DB6 /* macOS.entitlements */,
			);
			path = macOS;
			sourceTree = "<group>";
		};
/* End PBXGroup section */

/* Begin PBXNativeTarget section */
		37AFDA6926BC57C200911DB6 /* GenartPlayground (iOS) */ = {
			isa = PBXNativeTarget;
			buildConfigurationList = 37AFDA7E26BC57C200911DB6 /* Build configuration list for PBXNativeTarget "GenartPlayground (iOS)" */;
			buildPhases = (
				37AFDA6626BC57C200911DB6 /* Sources */,
				37AFDA6726BC57C200911DB6 /* Frameworks */,
				37AFDA6826BC57C200911DB6 /* Resources */,
			);
			buildRules = (
			);
			dependencies = (
			);
			name = "GenartPlayground (iOS)";
			productName = "GenartPlayground (iOS)";
			productReference = 37AFDA6A26BC57C200911DB6 /* GenartPlayground.app */;
			productType = "com.apple.product-type.application";
		};
		37AFDA7126BC57C200911DB6 /* GenartPlayground (macOS) */ = {
			isa = PBXNativeTarget;
			buildConfigurationList = 37AFDA8126BC57C200911DB6 /* Build configuration list for PBXNativeTarget "GenartPlayground (macOS)" */;
			buildPhases = (
				37AFDA6E26BC57C200911DB6 /* Sources */,
				37AFDA6F26BC57C200911DB6 /* Frameworks */,
				37AFDA7026BC57C200911DB6 /* Resources */,
			);
			buildRules = (
			);
			dependencies = (
			);
			name = "GenartPlayground (macOS)";
			productName = "GenartPlayground (macOS)";
			productReference = 37AFDA7226BC57C200911DB6 /* GenartPlayground.app */;
			productType = "com.apple.product-type.application";
		};
/* End PBXNativeTarget section */

/* Begin PBXProject section */
		37AFDA5E26BC57BE00911DB6 /* Project object */ = {
			isa = PBXProject;
			attributes = {
				LastSwiftUpdateCheck = 1250;
				LastUpgradeCheck = 1250;
				TargetAttributes = {
					37AFDA6926BC57C200911DB6 = {
						CreatedOnToolsVersion = 12.5.1;
					};
					37AFDA7126BC57C200911DB6 = {
						CreatedOnToolsVersion = 12.5.1;
					};
				};
			};
			buildConfigurationList = 37AFDA6126BC57BE00911DB6 /* Build configuration list for PBXProject "GenartPlayground" */;
			compatibilityVersion = "Xcode 9.3";
			developmentRegion = en;
			hasScannedForEncodings = 0;
			knownRegions = (
				en,
				Base,
			);
			mainGroup = 37AFDA5D26BC57BE00911DB6;
			productRefGroup = 37AFDA6B26BC57C200911DB6 /* Products */;
			projectDirPath = "";
			projectRoot = "";
			targets = (
				37AFDA6926BC57C200911DB6 /* GenartPlayground (iOS) */,
				37AFDA7126BC57C200911DB6 /* GenartPlayground (macOS) */,
			);
		};
/* End PBXProject section */

/* Begin PBXResourcesBuildPhase section */
		37AFDA6826BC57C200911DB6 /* Resources */ = {
			isa = PBXResourcesBuildPhase;
			buildActionMask = 2147483647;
			files = (
				37AFDA7A26BC57C200911DB6 /* Assets.xcassets in Resources */,
			);
			runOnlyForDeploymentPostprocessing = 0;
		};
		37AFDA7026BC57C200911DB6 /* Resources */ = {
			isa = PBXResourcesBuildPhase;
			buildActionMask = 2147483647;
			files = (
				37AFDA7B26BC57C200911DB6 /* Assets.xcassets in Resources */,
			);
			runOnlyForDeploymentPostprocessing = 0;
		};
/* End PBXResourcesBuildPhase section */

/* Begin PBXSourcesBuildPhase section */
		37AFDA6626BC57C200911DB6 /* Sources */ = {
			isa = PBXSourcesBuildPhase;
			buildActionMask = 2147483647;
			files = (
				3783EF6D26BDD02200F73F6D /* RenderingView.swift in Sources */,
				37AFDA7826BC57C200911DB6 /* ContentView.swift in Sources */,
				37AFDA7626BC57C200911DB6 /* GenartPlaygroundApp.swift in Sources */,
				3783EF7026BDD0E200F73F6D /* ImagePackRenderer.swift in Sources */,
			);
			runOnlyForDeploymentPostprocessing = 0;
		};
		37AFDA6E26BC57C200911DB6 /* Sources */ = {
			isa = PBXSourcesBuildPhase;
			buildActionMask = 2147483647;
			files = (
				3783EF6E26BDD02200F73F6D /* RenderingView.swift in Sources */,
				37AFDA7926BC57C200911DB6 /* ContentView.swift in Sources */,
				37AFDA7726BC57C200911DB6 /* GenartPlaygroundApp.swift in Sources */,
				3783EF7126BDD0E200F73F6D /* ImagePackRenderer.swift in Sources */,
			);
			runOnlyForDeploymentPostprocessing = 0;
		};
/* End PBXSourcesBuildPhase section */

/* Begin XCBuildConfiguration section */
		37AFDA7C26BC57C200911DB6 /* Debug */ = {
			isa = XCBuildConfiguration;
			buildSettings = {
				ALWAYS_SEARCH_USER_PATHS = NO;
				CLANG_ANALYZER_NONNULL = YES;
				CLANG_ANALYZER_NUMBER_OBJECT_CONVERSION = YES_AGGRESSIVE;
				CLANG_CXX_LANGUAGE_STANDARD = "gnu++14";
				CLANG_CXX_LIBRARY = "libc++";
				CLANG_ENABLE_MODULES = YES;
				CLANG_ENABLE_OBJC_ARC = YES;
				CLANG_ENABLE_OBJC_WEAK = YES;
				CLANG_WARN_BLOCK_CAPTURE_AUTORELEASING = YES;
				CLANG_WARN_BOOL_CONVERSION = YES;
				CLANG_WARN_COMMA = YES;
				CLANG_WARN_CONSTANT_CONVERSION = YES;
				CLANG_WARN_DEPRECATED_OBJC_IMPLEMENTATIONS = YES;
				CLANG_WARN_DIRECT_OBJC_ISA_USAGE = YES_ERROR;
				CLANG_WARN_DOCUMENTATION_COMMENTS = YES;
				CLANG_WARN_EMPTY_BODY = YES;
				CLANG_WARN_ENUM_CONVERSION = YES;
				CLANG_WARN_INFINITE_RECURSION = YES;
				CLANG_WARN_INT_CONVERSION = YES;
				CLANG_WARN_NON_LITERAL_NULL_CONVERSION = YES;
				CLANG_WARN_OBJC_IMPLICIT_RETAIN_SELF = YES;
				CLANG_WARN_OBJC_LITERAL_CONVERSION = YES;
				CLANG_WARN_OBJC_ROOT_CLASS = YES_ERROR;
				CLANG_WARN_QUOTED_INCLUDE_IN_FRAMEWORK_HEADER = YES;
				CLANG_WARN_RANGE_LOOP_ANALYSIS = YES;
				CLANG_WARN_STRICT_PROTOTYPES = YES;
				CLANG_WARN_SUSPICIOUS_MOVE = YES;
				CLANG_WARN_UNGUARDED_AVAILABILITY = YES_AGGRESSIVE;
				CLANG_WARN_UNREACHABLE_CODE = YES;
				CLANG_WARN__DUPLICATE_METHOD_MATCH = YES;
				COPY_PHASE_STRIP = NO;
				DEBUG_INFORMATION_FORMAT = dwarf;
				ENABLE_STRICT_OBJC_MSGSEND = YES;
				ENABLE_TESTABILITY = YES;
				GCC_C_LANGUAGE_STANDARD = gnu11;
				GCC_DYNAMIC_NO_PIC = NO;
				GCC_NO_COMMON_BLOCKS = YES;
				GCC_OPTIMIZATION_LEVEL = 0;
				GCC_PREPROCESSOR_DEFINITIONS = (
					"DEBUG=1",
					"$(inherited)",
				);
				GCC_WARN_64_TO_32_BIT_CONVERSION = YES;
				GCC_WARN_ABOUT_RETURN_TYPE = YES_ERROR;
				GCC_WARN_UNDECLARED_SELECTOR = YES;
				GCC_WARN_UNINITIALIZED_AUTOS = YES_AGGRESSIVE;
				GCC_WARN_UNUSED_FUNCTION = YES;
				GCC_WARN_UNUSED_VARIABLE = YES;
				MTL_ENABLE_DEBUG_INFO = INCLUDE_SOURCE;
				MTL_FAST_MATH = YES;
				ONLY_ACTIVE_ARCH = YES;
				SWIFT_ACTIVE_COMPILATION_CONDITIONS = DEBUG;
				SWIFT_OPTIMIZATION_LEVEL = "-Onone";
			};
			name = Debug;
		};
		37AFDA7D26BC57C200911DB6 /* Release */ = {
			isa = XCBuildConfiguration;
			buildSettings = {
				ALWAYS_SEARCH_USER_PATHS = NO;
				CLANG_ANALYZER_NONNULL = YES;
				CLANG_ANALYZER_NUMBER_OBJECT_CONVERSION = YES_AGGRESSIVE;
				CLANG_CXX_LANGUAGE_STANDARD = "gnu++14";
				CLANG_CXX_LIBRARY = "libc++";
				CLANG_ENABLE_MODULES = YES;
				CLANG_ENABLE_OBJC_ARC = YES;
				CLANG_ENABLE_OBJC_WEAK = YES;
				CLANG_WARN_BLOCK_CAPTURE_AUTORELEASING = YES;
				CLANG_WARN_BOOL_CONVERSION = YES;
				CLANG_WARN_COMMA = YES;
				CLANG_WARN_CONSTANT_CONVERSION = YES;
				CLANG_WARN_DEPRECATED_OBJC_IMPLEMENTATIONS = YES;
				CLANG_WARN_DIRECT_OBJC_ISA_USAGE = YES_ERROR;
				CLANG_WARN_DOCUMENTATION_COMMENTS = YES;
				CLANG_WARN_EMPTY_BODY = YES;
				CLANG_WARN_ENUM_CONVERSION = YES;
				CLANG_WARN_INFINITE_RECURSION = YES;
				CLANG_WARN_INT_CONVERSION = YES;
				CLANG_WARN_NON_LITERAL_NULL_CONVERSION = YES;
				CLANG_WARN_OBJC_IMPLICIT_RETAIN_SELF = YES;
				CLANG_WARN_OBJC_LITERAL_CONVERSION = YES;
				CLANG_WARN_OBJC_ROOT_CLASS = YES_ERROR;
				CLANG_WARN_QUOTED_INCLUDE_IN_FRAMEWORK_HEADER = YES;
				CLANG_WARN_RANGE_LOOP_ANALYSIS = YES;
				CLANG_WARN_STRICT_PROTOTYPES = YES;
				CLANG_WARN_SUSPICIOUS_MOVE = YES;
				CLANG_WARN_UNGUARDED_AVAILABILITY = YES_AGGRESSIVE;
				CLANG_WARN_UNREACHABLE_CODE = YES;
				CLANG_WARN__DUPLICATE_METHOD_MATCH = YES;
				COPY_PHASE_STRIP = NO;
				DEBUG_INFORMATION_FORMAT = "dwarf-with-dsym";
				ENABLE_NS_ASSERTIONS = NO;
				ENABLE_STRICT_OBJC_MSGSEND = YES;
				GCC_C_LANGUAGE_STANDARD = gnu11;
				GCC_NO_COMMON_BLOCKS = YES;
				GCC_WARN_64_TO_32_BIT_CONVERSION = YES;
				GCC_WARN_ABOUT_RETURN_TYPE = YES_ERROR;
				GCC_WARN_UNDECLARED_SELECTOR = YES;
				GCC_WARN_UNINITIALIZED_AUTOS = YES_AGGRESSIVE;
				GCC_WARN_UNUSED_FUNCTION = YES;
				GCC_WARN_UNUSED_VARIABLE = YES;
				MTL_ENABLE_DEBUG_INFO = NO;
				MTL_FAST_MATH = YES;
				SWIFT_COMPILATION_MODE = wholemodule;
				SWIFT_OPTIMIZATION_LEVEL = "-O";
			};
			name = Release;
		};
		37AFDA7F26BC57C200911DB6 /* Debug */ = {
			isa = XCBuildConfiguration;
			buildSettings = {
				ASSETCATALOG_COMPILER_APPICON_NAME = AppIcon;
				ASSETCATALOG_COMPILER_GLOBAL_ACCENT_COLOR_NAME = AccentColor;
				CODE_SIGN_STYLE = Automatic;
				DEVELOPMENT_TEAM = 548GRBZ3D6;
				ENABLE_PREVIEWS = YES;
				INFOPLIST_FILE = iOS/Info.plist;
				IPHONEOS_DEPLOYMENT_TARGET = 14.0;
				LD_RUNPATH_SEARCH_PATHS = (
					"$(inherited)",
					"@executable_path/Frameworks",
				);
				PRODUCT_BUNDLE_IDENTIFIER = ru.syrupmg.lysenko.GenartPlayground;
				PRODUCT_NAME = GenartPlayground;
				SDKROOT = iphoneos;
				SWIFT_VERSION = 5.0;
				TARGETED_DEVICE_FAMILY = "1,2";
			};
			name = Debug;
		};
		37AFDA8026BC57C200911DB6 /* Release */ = {
			isa = XCBuildConfiguration;
			buildSettings = {
				ASSETCATALOG_COMPILER_APPICON_NAME = AppIcon;
				ASSETCATALOG_COMPILER_GLOBAL_ACCENT_COLOR_NAME = AccentColor;
				CODE_SIGN_STYLE = Automatic;
				DEVELOPMENT_TEAM = 548GRBZ3D6;
				ENABLE_PREVIEWS = YES;
				INFOPLIST_FILE = iOS/Info.plist;
				IPHONEOS_DEPLOYMENT_TARGET = 14.0;
				LD_RUNPATH_SEARCH_PATHS = (
					"$(inherited)",
					"@executable_path/Frameworks",
				);
				PRODUCT_BUNDLE_IDENTIFIER = ru.syrupmg.lysenko.GenartPlayground;
				PRODUCT_NAME = GenartPlayground;
				SDKROOT = iphoneos;
				SWIFT_VERSION = 5.0;
				TARGETED_DEVICE_FAMILY = "1,2";
				VALIDATE_PRODUCT = YES;
			};
			name = Release;
		};
		37AFDA8226BC57C200911DB6 /* Debug */ = {
			isa = XCBuildConfiguration;
			buildSettings = {
				ASSETCATALOG_COMPILER_APPICON_NAME = AppIcon;
				ASSETCATALOG_COMPILER_GLOBAL_ACCENT_COLOR_NAME = AccentColor;
				CODE_SIGN_ENTITLEMENTS = macOS/macOS.entitlements;
				CODE_SIGN_STYLE = Automatic;
				COMBINE_HIDPI_IMAGES = YES;
				DEVELOPMENT_TEAM = 548GRBZ3D6;
				ENABLE_HARDENED_RUNTIME = YES;
				ENABLE_PREVIEWS = YES;
				INFOPLIST_FILE = macOS/Info.plist;
				LD_RUNPATH_SEARCH_PATHS = (
					"$(inherited)",
					"@executable_path/../Frameworks",
				);
				MACOSX_DEPLOYMENT_TARGET = 11.0;
				PRODUCT_BUNDLE_IDENTIFIER = ru.syrupmg.lysenko.GenartPlayground;
				PRODUCT_NAME = GenartPlayground;
				SDKROOT = macosx;
				SWIFT_VERSION = 5.0;
			};
			name = Debug;
		};
		37AFDA8326BC57C200911DB6 /* Release */ = {
			isa = XCBuildConfiguration;
			buildSettings = {
				ASSETCATALOG_COMPILER_APPICON_NAME = AppIcon;
				ASSETCATALOG_COMPILER_GLOBAL_ACCENT_COLOR_NAME = AccentColor;
				CODE_SIGN_ENTITLEMENTS = macOS/macOS.entitlements;
				CODE_SIGN_STYLE = Automatic;
				COMBINE_HIDPI_IMAGES = YES;
				DEVELOPMENT_TEAM = 548GRBZ3D6;
				ENABLE_HARDENED_RUNTIME = YES;
				ENABLE_PREVIEWS = YES;
				INFOPLIST_FILE = macOS/Info.plist;
				LD_RUNPATH_SEARCH_PATHS = (
					"$(inherited)",
					"@executable_path/../Frameworks",
				);
				MACOSX_DEPLOYMENT_TARGET = 11.0;
				PRODUCT_BUNDLE_IDENTIFIER = ru.syrupmg.lysenko.GenartPlayground;
				PRODUCT_NAME = GenartPlayground;
				SDKROOT = macosx;
				SWIFT_VERSION = 5.0;
			};
			name = Release;
		};
/* End XCBuildConfiguration section */

/* Begin XCConfigurationList section */
		37AFDA6126BC57BE00911DB6 /* Build configuration list for PBXProject "GenartPlayground" */ = {
			isa = XCConfigurationList;
			buildConfigurations = (
				37AFDA7C26BC57C200911DB6 /* Debug */,
				37AFDA7D26BC57C200911DB6 /* Release */,
			);
			defaultConfigurationIsVisible = 0;
			defaultConfigurationName = Release;
		};
		37AFDA7E26BC57C200911DB6 /* Build configuration list for PBXNativeTarget "GenartPlayground (iOS)" */ = {
			isa = XCConfigurationList;
			buildConfigurations = (
				37AFDA7F26BC57C200911DB6 /* Debug */,
				37AFDA8026BC57C200911DB6 /* Release */,
			);
			defaultConfigurationIsVisible = 0;
			defaultConfigurationName = Release;
		};
		37AFDA8126BC57C200911DB6 /* Build configuration list for PBXNativeTarget "GenartPlayground (macOS)" */ = {
			isa = XCConfigurationList;
			buildConfigurations = (
				37AFDA8226BC57C200911DB6 /* Debug */,
				37AFDA8326BC57C200911DB6 /* Release */,
			);
			defaultConfigurationIsVisible = 0;
			defaultConfigurationName = Release;
		};
/* End XCConfigurationList section */
	};
	rootObject = 37AFDA5E26BC57BE00911DB6 /* Project object */;
}
